
Microsoft Visual Studio Solution File, Format Version 12.00
# Visual Studio Version 16
VisualStudioVersion = 16.0.28803.202
MinimumVisualStudioVersion = 10.0.40219.1
Project("{FAE04EC0-301F-11D3-BF4B-00C04F79EFBC}") = "HomeWork_Lesson1", "HomeWork_Lesson1.csproj", "{8A5A5366-C5B1-45EB-AD5A-2360658734C1}"
EndProject
Project("{FAE04EC0-301F-11D3-BF4B-00C04F79EFBC}") = "HomeWork_Lesson1_2", "..\HomeWork_Lesson1_2\HomeWork_Lesson1_2.csproj", "{04E63DC2-FF99-46CD-A11F-A4F4002F08CA}"
EndProject
Project("{FAE04EC0-301F-11D3-BF4B-00C04F79EFBC}") = "HomeWork_Lesson1_4", "..\HomeWork_Lesson1_4\HomeWork_Lesson1_4.csproj", "{C2AD3E15-92D0-4968-AFA3-BB1713A83EA9}"
EndProject
Project("{FAE04EC0-301F-11D3-BF4B-00C04F79EFBC}") = "HomeWork_Lesson1_3", "..\HomeWork_Lesson1_3\HomeWork_Lesson1_3.csproj", "{B874E70B-092E-492B-B5BE-629EF81C8B79}"
EndProject
Project("{FAE04EC0-301F-11D3-BF4B-00C04F79EFBC}") = "HomeWork_Lesson1_5", "..\HomeWork_Lesson1_5\HomeWork_Lesson1_5.csproj", "{B63B21B8-0946-4F15-8716-31C9693B4C04}"
EndProject
Project("{FAE04EC0-301F-11D3-BF4B-00C04F79EFBC}") = "HomeWork_Lesson1_6", "..\HomeWork_Lesson1_6\HomeWork_Lesson1_6.csproj", "{422B92E3-3B0D-4A03-9577-28942C48C7E0}"
EndProject
Global
	GlobalSection(SolutionConfigurationPlatforms) = preSolution
		Debug|Any CPU = Debug|Any CPU
		Release|Any CPU = Release|Any CPU
	EndGlobalSection
	GlobalSection(ProjectConfigurationPlatforms) = postSolution
		{8A5A5366-C5B1-45EB-AD5A-2360658734C1}.Debug|Any CPU.ActiveCfg = Debug|Any CPU
		{8A5A5366-C5B1-45EB-AD5A-2360658734C1}.Debug|Any CPU.Build.0 = Debug|Any CPU
		{8A5A5366-C5B1-45EB-AD5A-2360658734C1}.Release|Any CPU.ActiveCfg = Release|Any CPU
		{8A5A5366-C5B1-45EB-AD5A-2360658734C1}.Release|Any CPU.Build.0 = Release|Any CPU
		{04E63DC2-FF99-46CD-A11F-A4F4002F08CA}.Debug|Any CPU.ActiveCfg = Debug|Any CPU
		{04E63DC2-FF99-46CD-A11F-A4F4002F08CA}.Debug|Any CPU.Build.0 = Debug|Any CPU
		{04E63DC2-FF99-46CD-A11F-A4F4002F08CA}.Release|Any CPU.ActiveCfg = Release|Any CPU
		{04E63DC2-FF99-46CD-A11F-A4F4002F08CA}.Release|Any CPU.Build.0 = Release|Any CPU
		{C2AD3E15-92D0-4968-AFA3-BB1713A83EA9}.Debug|Any CPU.ActiveCfg = Debug|Any CPU
		{C2AD3E15-92D0-4968-AFA3-BB1713A83EA9}.Debug|Any CPU.Build.0 = Debug|Any CPU
		{C2AD3E15-92D0-4968-AFA3-BB1713A83EA9}.Release|Any CPU.ActiveCfg = Release|Any CPU
		{C2AD3E15-92D0-4968-AFA3-BB1713A83EA9}.Release|Any CPU.Build.0 = Release|Any CPU
		{B874E70B-092E-492B-B5BE-629EF81C8B79}.Debug|Any CPU.ActiveCfg = Debug|Any CPU
		{B874E70B-092E-492B-B5BE-629EF81C8B79}.Debug|Any CPU.Build.0 = Debug|Any CPU
		{B874E70B-092E-492B-B5BE-629EF81C8B79}.Release|Any CPU.ActiveCfg = Release|Any CPU
		{B874E70B-092E-492B-B5BE-629EF81C8B79}.Release|Any CPU.Build.0 = Release|Any CPU
		{B63B21B8-0946-4F15-8716-31C9693B4C04}.Debug|Any CPU.ActiveCfg = Debug|Any CPU
		{B63B21B8-0946-4F15-8716-31C9693B4C04}.Debug|Any CPU.Build.0 = Debug|Any CPU
		{B63B21B8-0946-4F15-8716-31C9693B4C04}.Release|Any CPU.ActiveCfg = Release|Any CPU
		{B63B21B8-0946-4F15-8716-31C9693B4C04}.Release|Any CPU.Build.0 = Release|Any CPU
		{422B92E3-3B0D-4A03-9577-28942C48C7E0}.Debug|Any CPU.ActiveCfg = Debug|Any CPU
		{422B92E3-3B0D-4A03-9577-28942C48C7E0}.Debug|Any CPU.Build.0 = Debug|Any CPU
		{422B92E3-3B0D-4A03-9577-28942C48C7E0}.Release|Any CPU.ActiveCfg = Release|Any CPU
		{422B92E3-3B0D-4A03-9577-28942C48C7E0}.Release|Any CPU.Build.0 = Release|Any CPU
	EndGlobalSection
	GlobalSection(SolutionProperties) = preSolution
		HideSolutionNode = FALSE
	EndGlobalSection
	GlobalSection(ExtensibilityGlobals) = postSolution
		SolutionGuid = {9801916F-69B8-4EBA-93FE-3F0F334305A1}
	EndGlobalSection
EndGlobal
